
Microsoft Visual Studio Solution File, Format Version 12.00
# Visual Studio Version 17
VisualStudioVersion = 17.7.34031.279
MinimumVisualStudioVersion = 10.0.40219.1
Project("{FAE04EC0-301F-11D3-BF4B-00C04F79EFBC}") = "Object-Oriented Programming", "Object-Oriented Programming\Object-Oriented Programming.csproj", "{CEF2A232-587E-4449-A902-D516F443DB8C}"
EndProject
Global
	GlobalSection(SolutionConfigurationPlatforms) = preSolution
		Debug|Any CPU = Debug|Any CPU
		Release|Any CPU = Release|Any CPU
	EndGlobalSection
	GlobalSection(ProjectConfigurationPlatforms) = postSolution
		{CEF2A232-587E-4449-A902-D516F443DB8C}.Debug|Any CPU.ActiveCfg = Debug|Any CPU
		{CEF2A232-587E-4449-A902-D516F443DB8C}.Debug|Any CPU.Build.0 = Debug|Any CPU
		{CEF2A232-587E-4449-A902-D516F443DB8C}.Release|Any CPU.ActiveCfg = Release|Any CPU
		{CEF2A232-587E-4449-A902-D516F443DB8C}.Release|Any CPU.Build.0 = Release|Any CPU
	EndGlobalSection
	GlobalSection(SolutionProperties) = preSolution
		HideSolutionNode = FALSE
	EndGlobalSection
	GlobalSection(ExtensibilityGlobals) = postSolution
		SolutionGuid = {5B014FE1-0854-4AD6-8679-A51D21B2BF28}
	EndGlobalSection
EndGlobal
